
Microsoft Visual Studio Solution File, Format Version 12.00
# Visual Studio Version 17
VisualStudioVersion = 17.0.32014.148
MinimumVisualStudioVersion = 10.0.40219.1
Project("{FAE04EC0-301F-11D3-BF4B-00C04F79EFBC}") = "TestProj", "TestProj\TestProj.csproj", "{C1536FA1-5F48-444E-8802-757B93C0962B}"
EndProject
Global
	GlobalSection(SolutionConfigurationPlatforms) = preSolution
		Debug|Any CPU = Debug|Any CPU
		Release|Any CPU = Release|Any CPU
	EndGlobalSection
	GlobalSection(ProjectConfigurationPlatforms) = postSolution
		{C1536FA1-5F48-444E-8802-757B93C0962B}.Debug|Any CPU.ActiveCfg = Debug|Any CPU
		{C1536FA1-5F48-444E-8802-757B93C0962B}.Debug|Any CPU.Build.0 = Debug|Any CPU
		{C1536FA1-5F48-444E-8802-757B93C0962B}.Release|Any CPU.ActiveCfg = Release|Any CPU
		{C1536FA1-5F48-444E-8802-757B93C0962B}.Release|Any CPU.Build.0 = Release|Any CPU
	EndGlobalSection
	GlobalSection(SolutionProperties) = preSolution
		HideSolutionNode = FALSE
	EndGlobalSection
	GlobalSection(ExtensibilityGlobals) = postSolution
		SolutionGuid = {77C03403-C19D-4FF8-A994-9C054ADFF743}
	EndGlobalSection
EndGlobal
